
Microsoft Visual Studio Solution File, Format Version 12.00
# Visual Studio Version 17
VisualStudioVersion = 17.6.33712.159
MinimumVisualStudioVersion = 10.0.40219.1
Project("{9A19103F-16F7-4668-BE54-9A1E7A4F7556}") = "FigureAreaLibrary", "FigureAreaLibrary\FigureAreaLibrary.csproj", "{B7F68AFA-F3CC-4462-B54D-D85DD2EADD43}"
EndProject
Project("{9A19103F-16F7-4668-BE54-9A1E7A4F7556}") = "FigureAreaTest", "FigureAreaTest\FigureAreaTest.csproj", "{C2E6F061-A563-442C-A42D-5EE5E2ED1752}"
EndProject
Global
	GlobalSection(SolutionConfigurationPlatforms) = preSolution
		Debug|Any CPU = Debug|Any CPU
		Release|Any CPU = Release|Any CPU
	EndGlobalSection
	GlobalSection(ProjectConfigurationPlatforms) = postSolution
		{B7F68AFA-F3CC-4462-B54D-D85DD2EADD43}.Debug|Any CPU.ActiveCfg = Debug|Any CPU
		{B7F68AFA-F3CC-4462-B54D-D85DD2EADD43}.Debug|Any CPU.Build.0 = Debug|Any CPU
		{B7F68AFA-F3CC-4462-B54D-D85DD2EADD43}.Release|Any CPU.ActiveCfg = Release|Any CPU
		{B7F68AFA-F3CC-4462-B54D-D85DD2EADD43}.Release|Any CPU.Build.0 = Release|Any CPU
		{C2E6F061-A563-442C-A42D-5EE5E2ED1752}.Debug|Any CPU.ActiveCfg = Debug|Any CPU
		{C2E6F061-A563-442C-A42D-5EE5E2ED1752}.Debug|Any CPU.Build.0 = Debug|Any CPU
		{C2E6F061-A563-442C-A42D-5EE5E2ED1752}.Release|Any CPU.ActiveCfg = Release|Any CPU
		{C2E6F061-A563-442C-A42D-5EE5E2ED1752}.Release|Any CPU.Build.0 = Release|Any CPU
	EndGlobalSection
	GlobalSection(SolutionProperties) = preSolution
		HideSolutionNode = FALSE
	EndGlobalSection
	GlobalSection(ExtensibilityGlobals) = postSolution
		SolutionGuid = {4CF6CFC8-BC42-44DA-827C-7303D823F889}
	EndGlobalSection
EndGlobal
